# This file is automatically generated by cargo-component.
# It is not intended for manual editing.
version = 1

[[package]]
name = "promptrs:core"
registry = "ghcr.io/promptrs"

[[package.version]]
requirement = "^0.1.0"
version = "0.1.0"
digest = "sha256:79fec51fd7f40ec83e14d2b9efef5af16325bcff202b7a1c4676e033d460ae8f"
