# This file is automatically generated by cargo-component.
# It is not intended for manual editing.
version = 1

[[package]]
name = "promptrs:core"
registry = "ghcr.io/promptrs"

[[package.version]]
requirement = "^0.1.1"
version = "0.1.1"
digest = "sha256:8af8c503bd7a6641cb54c2c2fc368500c3159f76c0b5563a402295c1d2706bad"
