# This file is automatically generated by cargo-component.
# It is not intended for manual editing.
version = 1

[[package]]
name = "promptrs:core"
registry = "ghcr.io/promptrs"

[[package.version]]
requirement = "^0.2.0"
version = "0.2.0"
digest = "sha256:bf2748d54e6e1a2552382207852953c1cce9b0bf2e47c85dbed8c1557f55b960"
